
Microsoft Visual Studio Solution File, Format Version 12.00
# Visual Studio Version 16
VisualStudioVersion = 16.0.30002.166
MinimumVisualStudioVersion = 10.0.40219.1
Project("{9A19103F-16F7-4668-BE54-9A1E7A4F7556}") = "War", "War.csproj", "{B81051FA-1194-4014-B0B3-94DB26F2D5D5}"
EndProject
Global
	GlobalSection(SolutionConfigurationPlatforms) = preSolution
		Debug|Any CPU = Debug|Any CPU
		Release|Any CPU = Release|Any CPU
	EndGlobalSection
	GlobalSection(ProjectConfigurationPlatforms) = postSolution
		{B81051FA-1194-4014-B0B3-94DB26F2D5D5}.Debug|Any CPU.ActiveCfg = Debug|Any CPU
		{B81051FA-1194-4014-B0B3-94DB26F2D5D5}.Debug|Any CPU.Build.0 = Debug|Any CPU
		{B81051FA-1194-4014-B0B3-94DB26F2D5D5}.Release|Any CPU.ActiveCfg = Release|Any CPU
		{B81051FA-1194-4014-B0B3-94DB26F2D5D5}.Release|Any CPU.Build.0 = Release|Any CPU
	EndGlobalSection
	GlobalSection(SolutionProperties) = preSolution
		HideSolutionNode = FALSE
	EndGlobalSection
	GlobalSection(ExtensibilityGlobals) = postSolution
		SolutionGuid = {2334C4C9-2BFA-4A82-A9A2-23808396E18F}
	EndGlobalSection
EndGlobal
